
Microsoft Visual Studio Solution File, Format Version 12.00
# Visual Studio Version 17
VisualStudioVersion = 17.13.35919.96 d17.13
MinimumVisualStudioVersion = 10.0.40219.1
Project("{FAE04EC0-301F-11D3-BF4B-00C04F79EFBC}") = "portifolio", "portifolio.csproj", "{D64AE7E1-704A-4D5D-BD61-8FC7F80286EA}"
EndProject
Global
	GlobalSection(SolutionConfigurationPlatforms) = preSolution
		Debug|Any CPU = Debug|Any CPU
		Release|Any CPU = Release|Any CPU
	EndGlobalSection
	GlobalSection(ProjectConfigurationPlatforms) = postSolution
		{D64AE7E1-704A-4D5D-BD61-8FC7F80286EA}.Debug|Any CPU.ActiveCfg = Debug|Any CPU
		{D64AE7E1-704A-4D5D-BD61-8FC7F80286EA}.Debug|Any CPU.Build.0 = Debug|Any CPU
		{D64AE7E1-704A-4D5D-BD61-8FC7F80286EA}.Release|Any CPU.ActiveCfg = Release|Any CPU
		{D64AE7E1-704A-4D5D-BD61-8FC7F80286EA}.Release|Any CPU.Build.0 = Release|Any CPU
	EndGlobalSection
	GlobalSection(SolutionProperties) = preSolution
		HideSolutionNode = FALSE
	EndGlobalSection
	GlobalSection(ExtensibilityGlobals) = postSolution
		SolutionGuid = {9F87A97F-DC45-4E64-9C2F-D26E2C94D799}
	EndGlobalSection
EndGlobal
